
Microsoft Visual Studio Solution File, Format Version 12.00
# Visual Studio Version 17
VisualStudioVersion = 17.9.34728.123
MinimumVisualStudioVersion = 10.0.40219.1
Project("{FAE04EC0-301F-11D3-BF4B-00C04F79EFBC}") = "InternationalTeamsUI", "InternationalTeamsUI\InternationalTeamsUI.csproj", "{AFE87D25-6F9D-48F6-9959-A7D806C1D9EE}"
EndProject
Global
	GlobalSection(SolutionConfigurationPlatforms) = preSolution
		Debug|Any CPU = Debug|Any CPU
		Release|Any CPU = Release|Any CPU
	EndGlobalSection
	GlobalSection(ProjectConfigurationPlatforms) = postSolution
		{AFE87D25-6F9D-48F6-9959-A7D806C1D9EE}.Debug|Any CPU.ActiveCfg = Debug|Any CPU
		{AFE87D25-6F9D-48F6-9959-A7D806C1D9EE}.Debug|Any CPU.Build.0 = Debug|Any CPU
		{AFE87D25-6F9D-48F6-9959-A7D806C1D9EE}.Release|Any CPU.ActiveCfg = Release|Any CPU
		{AFE87D25-6F9D-48F6-9959-A7D806C1D9EE}.Release|Any CPU.Build.0 = Release|Any CPU
	EndGlobalSection
	GlobalSection(SolutionProperties) = preSolution
		HideSolutionNode = FALSE
	EndGlobalSection
	GlobalSection(ExtensibilityGlobals) = postSolution
		SolutionGuid = {03ED1224-24B0-4D29-A552-43EE36305854}
	EndGlobalSection
EndGlobal
